
Microsoft Visual Studio Solution File, Format Version 12.00
# Visual Studio Version 17
VisualStudioVersion = 17.4.33213.308
MinimumVisualStudioVersion = 10.0.40219.1
Project("{FAE04EC0-301F-11D3-BF4B-00C04F79EFBC}") = "WindowsFormsApp1", "WindowsFormsApp1\WindowsFormsApp1.csproj", "{57BF29B7-5B21-43D0-98CA-8E044AD48DD8}"
EndProject
Global
	GlobalSection(SolutionConfigurationPlatforms) = preSolution
		Debug|Any CPU = Debug|Any CPU
		Release|Any CPU = Release|Any CPU
	EndGlobalSection
	GlobalSection(ProjectConfigurationPlatforms) = postSolution
		{57BF29B7-5B21-43D0-98CA-8E044AD48DD8}.Debug|Any CPU.ActiveCfg = Debug|Any CPU
		{57BF29B7-5B21-43D0-98CA-8E044AD48DD8}.Debug|Any CPU.Build.0 = Debug|Any CPU
		{57BF29B7-5B21-43D0-98CA-8E044AD48DD8}.Release|Any CPU.ActiveCfg = Release|Any CPU
		{57BF29B7-5B21-43D0-98CA-8E044AD48DD8}.Release|Any CPU.Build.0 = Release|Any CPU
	EndGlobalSection
	GlobalSection(SolutionProperties) = preSolution
		HideSolutionNode = FALSE
	EndGlobalSection
	GlobalSection(ExtensibilityGlobals) = postSolution
		SolutionGuid = {7D45BEC9-BB68-4797-B20D-FB21621B8D95}
	EndGlobalSection
EndGlobal
